// !$*UTF8*$!
{
	archiveVersion = 1;
	classes = {
	};
	objectVersion = 50;
	objects = {

/* Begin PBXBuildFile section */
		0848FAEE226F07DD0089B11D /* AppDelegate.swift in Sources */ = {isa = PBXBuildFile; fileRef = 0848FAED226F07DD0089B11D /* AppDelegate.swift */; };
		0848FAF0226F07DD0089B11D /* SignViewController.swift in Sources */ = {isa = PBXBuildFile; fileRef = 0848FAEF226F07DD0089B11D /* SignViewController.swift */; };
		0848FAF3226F07DD0089B11D /* Main.storyboard in Resources */ = {isa = PBXBuildFile; fileRef = 0848FAF1226F07DD0089B11D /* Main.storyboard */; };
		0848FAF5226F07DF0089B11D /* Assets.xcassets in Resources */ = {isa = PBXBuildFile; fileRef = 0848FAF4226F07DF0089B11D /* Assets.xcassets */; };
		0848FAF8226F07DF0089B11D /* LaunchScreen.storyboard in Resources */ = {isa = PBXBuildFile; fileRef = 0848FAF6226F07DF0089B11D /* LaunchScreen.storyboard */; };
		0848FB11226F235F0089B11D /* sign.html in Resources */ = {isa = PBXBuildFile; fileRef = 0848FB0B226F235E0089B11D /* sign.html */; };
		0848FB12226F235F0089B11D /* style.css in Resources */ = {isa = PBXBuildFile; fileRef = 0848FB0C226F235E0089B11D /* style.css */; };
		0848FB13226F235F0089B11D /* tyrellLogo.jpg in Resources */ = {isa = PBXBuildFile; fileRef = 0848FB0D226F235E0089B11D /* tyrellLogo.jpg */; };
		0848FB16226F235F0089B11D /* scripts.js in Resources */ = {isa = PBXBuildFile; fileRef = 0848FB10226F235F0089B11D /* scripts.js */; };
		0848FB1A226F23710089B11D /* testScripts.js in Resources */ = {isa = PBXBuildFile; fileRef = 0848FB17226F23710089B11D /* testScripts.js */; };
		0848FB1B226F23710089B11D /* testStyle.css in Resources */ = {isa = PBXBuildFile; fileRef = 0848FB18226F23710089B11D /* testStyle.css */; };
		0848FB1C226F23710089B11D /* test.html in Resources */ = {isa = PBXBuildFile; fileRef = 0848FB19226F23710089B11D /* test.html */; };
		0848FB1E226F42150089B11D /* IO.swift in Sources */ = {isa = PBXBuildFile; fileRef = 0848FB1D226F42150089B11D /* IO.swift */; };
		0848FB20226F60580089B11D /* constants.swift in Sources */ = {isa = PBXBuildFile; fileRef = 0848FB1F226F60580089B11D /* constants.swift */; };
		0848FB22226F63650089B11D /* MainMenuViewController.swift in Sources */ = {isa = PBXBuildFile; fileRef = 0848FB21226F63650089B11D /* MainMenuViewController.swift */; };
		0848FB24227063660089B11D /* UI.swift in Sources */ = {isa = PBXBuildFile; fileRef = 0848FB23227063660089B11D /* UI.swift */; };
		0878A0102270B67600AAADF3 /* TestViewController.swift in Sources */ = {isa = PBXBuildFile; fileRef = 0878A00F2270B67600AAADF3 /* TestViewController.swift */; };
		0878A0122271B3F900AAADF3 /* protocols.swift in Sources */ = {isa = PBXBuildFile; fileRef = 0878A0112271B3F900AAADF3 /* protocols.swift */; };
/* End PBXBuildFile section */

/* Begin PBXFileReference section */
		0848FAEA226F07DD0089B11D /* TyrellCorp.app */ = {isa = PBXFileReference; explicitFileType = wrapper.application; includeInIndex = 0; path = TyrellCorp.app; sourceTree = BUILT_PRODUCTS_DIR; };
		0848FAED226F07DD0089B11D /* AppDelegate.swift */ = {isa = PBXFileReference; lastKnownFileType = sourcecode.swift; path = AppDelegate.swift; sourceTree = "<group>"; };
		0848FAEF226F07DD0089B11D /* SignViewController.swift */ = {isa = PBXFileReference; lastKnownFileType = sourcecode.swift; path = SignViewController.swift; sourceTree = "<group>"; };
		0848FAF2226F07DD0089B11D /* Base */ = {isa = PBXFileReference; lastKnownFileType = file.storyboard; name = Base; path = Base.lproj/Main.storyboard; sourceTree = "<group>"; };
		0848FAF4226F07DF0089B11D /* Assets.xcassets */ = {isa = PBXFileReference; lastKnownFileType = folder.assetcatalog; path = Assets.xcassets; sourceTree = "<group>"; };
		0848FAF7226F07DF0089B11D /* Base */ = {isa = PBXFileReference; lastKnownFileType = file.storyboard; name = Base; path = Base.lproj/LaunchScreen.storyboard; sourceTree = "<group>"; };
		0848FAF9226F07DF0089B11D /* Info.plist */ = {isa = PBXFileReference; lastKnownFileType = text.plist.xml; path = Info.plist; sourceTree = "<group>"; };
		0848FB0B226F235E0089B11D /* sign.html */ = {isa = PBXFileReference; fileEncoding = 4; lastKnownFileType = text.html; path = sign.html; sourceTree = "<group>"; };
		0848FB0C226F235E0089B11D /* style.css */ = {isa = PBXFileReference; fileEncoding = 4; lastKnownFileType = text.css; path = style.css; sourceTree = "<group>"; };
		0848FB0D226F235E0089B11D /* tyrellLogo.jpg */ = {isa = PBXFileReference; lastKnownFileType = image.jpeg; path = tyrellLogo.jpg; sourceTree = "<group>"; };
		0848FB10226F235F0089B11D /* scripts.js */ = {isa = PBXFileReference; fileEncoding = 4; lastKnownFileType = sourcecode.javascript; path = scripts.js; sourceTree = "<group>"; };
		0848FB17226F23710089B11D /* testScripts.js */ = {isa = PBXFileReference; fileEncoding = 4; lastKnownFileType = sourcecode.javascript; path = testScripts.js; sourceTree = "<group>"; };
		0848FB18226F23710089B11D /* testStyle.css */ = {isa = PBXFileReference; fileEncoding = 4; lastKnownFileType = text.css; path = testStyle.css; sourceTree = "<group>"; };
		0848FB19226F23710089B11D /* test.html */ = {isa = PBXFileReference; fileEncoding = 4; lastKnownFileType = text.html; path = test.html; sourceTree = "<group>"; };
		0848FB1D226F42150089B11D /* IO.swift */ = {isa = PBXFileReference; lastKnownFileType = sourcecode.swift; path = IO.swift; sourceTree = "<group>"; };
		0848FB1F226F60580089B11D /* constants.swift */ = {isa = PBXFileReference; lastKnownFileType = sourcecode.swift; path = constants.swift; sourceTree = "<group>"; };
		0848FB21226F63650089B11D /* MainMenuViewController.swift */ = {isa = PBXFileReference; lastKnownFileType = sourcecode.swift; path = MainMenuViewController.swift; sourceTree = "<group>"; };
		0848FB23227063660089B11D /* UI.swift */ = {isa = PBXFileReference; lastKnownFileType = sourcecode.swift; path = UI.swift; sourceTree = "<group>"; };
		0878A00F2270B67600AAADF3 /* TestViewController.swift */ = {isa = PBXFileReference; lastKnownFileType = sourcecode.swift; path = TestViewController.swift; sourceTree = "<group>"; };
		0878A0112271B3F900AAADF3 /* protocols.swift */ = {isa = PBXFileReference; lastKnownFileType = sourcecode.swift; path = protocols.swift; sourceTree = "<group>"; };
/* End PBXFileReference section */

/* Begin PBXFrameworksBuildPhase section */
		0848FAE7226F07DD0089B11D /* Frameworks */ = {
			isa = PBXFrameworksBuildPhase;
			buildActionMask = 2147483647;
			files = (
			);
			runOnlyForDeploymentPostprocessing = 0;
		};
/* End PBXFrameworksBuildPhase section */

/* Begin PBXGroup section */
		0848FAE1226F07DD0089B11D = {
			isa = PBXGroup;
			children = (
				0848FAEC226F07DD0089B11D /* TyrellCorp */,
				0848FAEB226F07DD0089B11D /* Products */,
			);
			sourceTree = "<group>";
		};
		0848FAEB226F07DD0089B11D /* Products */ = {
			isa = PBXGroup;
			children = (
				0848FAEA226F07DD0089B11D /* TyrellCorp.app */,
			);
			name = Products;
			sourceTree = "<group>";
		};
		0848FAEC226F07DD0089B11D /* TyrellCorp */ = {
			isa = PBXGroup;
			children = (
				0848FAED226F07DD0089B11D /* AppDelegate.swift */,
				0848FAF4226F07DF0089B11D /* Assets.xcassets */,
				0848FB0D226F235E0089B11D /* tyrellLogo.jpg */,
				0848FAFF226F0BD10089B11D /* Controllers */,
				0848FAF9226F07DF0089B11D /* Info.plist */,
				0848FB03226F0D0E0089B11D /* Models */,
				0848FB04226F0D1B0089B11D /* Others */,
				0848FB00226F0BFA0089B11D /* Views */,
			);
			path = TyrellCorp;
			sourceTree = "<group>";
		};
		0848FAFF226F0BD10089B11D /* Controllers */ = {
			isa = PBXGroup;
			children = (
				0848FAEF226F07DD0089B11D /* SignViewController.swift */,
				0848FB21226F63650089B11D /* MainMenuViewController.swift */,
				0878A00F2270B67600AAADF3 /* TestViewController.swift */,
			);
			path = Controllers;
			sourceTree = "<group>";
		};
		0848FB00226F0BFA0089B11D /* Views */ = {
			isa = PBXGroup;
			children = (
				0848FB01226F0C190089B11D /* Webviews */,
				0848FAF6226F07DF0089B11D /* LaunchScreen.storyboard */,
				0848FAF1226F07DD0089B11D /* Main.storyboard */,
			);
			path = Views;
			sourceTree = "<group>";
		};
		0848FB01226F0C190089B11D /* Webviews */ = {
			isa = PBXGroup;
			children = (
				0848FB0A226F232E0089B11D /* LoginView */,
				0848FB09226F23210089B11D /* TestView */,
			);
			name = Webviews;
			path = "New Group";
			sourceTree = "<group>";
		};
		0848FB03226F0D0E0089B11D /* Models */ = {
			isa = PBXGroup;
			children = (
				0848FB1D226F42150089B11D /* IO.swift */,
				0848FB1F226F60580089B11D /* constants.swift */,
				0878A0112271B3F900AAADF3 /* protocols.swift */,
			);
			path = Models;
			sourceTree = "<group>";
		};
		0848FB04226F0D1B0089B11D /* Others */ = {
			isa = PBXGroup;
			children = (
				0848FB23227063660089B11D /* UI.swift */,
			);
			path = Others;
			sourceTree = "<group>";
		};
		0848FB09226F23210089B11D /* TestView */ = {
			isa = PBXGroup;
			children = (
				0848FB19226F23710089B11D /* test.html */,
				0848FB17226F23710089B11D /* testScripts.js */,
				0848FB18226F23710089B11D /* testStyle.css */,
			);
			path = TestView;
			sourceTree = "<group>";
		};
		0848FB0A226F232E0089B11D /* LoginView */ = {
			isa = PBXGroup;
			children = (
				0848FB0B226F235E0089B11D /* sign.html */,
				0848FB10226F235F0089B11D /* scripts.js */,
				0848FB0C226F235E0089B11D /* style.css */,
			);
			path = LoginView;
			sourceTree = "<group>";
		};
/* End PBXGroup section */

/* Begin PBXNativeTarget section */
		0848FAE9226F07DD0089B11D /* TyrellCorp */ = {
			isa = PBXNativeTarget;
			buildConfigurationList = 0848FAFC226F07DF0089B11D /* Build configuration list for PBXNativeTarget "TyrellCorp" */;
			buildPhases = (
				0848FAE6226F07DD0089B11D /* Sources */,
				0848FAE7226F07DD0089B11D /* Frameworks */,
				0848FAE8226F07DD0089B11D /* Resources */,
			);
			buildRules = (
			);
			dependencies = (
			);
			name = TyrellCorp;
			productName = TyrellCorp;
			productReference = 0848FAEA226F07DD0089B11D /* TyrellCorp.app */;
			productType = "com.apple.product-type.application";
		};
/* End PBXNativeTarget section */

/* Begin PBXProject section */
		0848FAE2226F07DD0089B11D /* Project object */ = {
			isa = PBXProject;
			attributes = {
				LastSwiftUpdateCheck = 1020;
				LastUpgradeCheck = 1020;
				ORGANIZATIONNAME = wipro.com;
				TargetAttributes = {
					0848FAE9226F07DD0089B11D = {
						CreatedOnToolsVersion = 10.2.1;
					};
				};
			};
			buildConfigurationList = 0848FAE5226F07DD0089B11D /* Build configuration list for PBXProject "TyrellCorp" */;
			compatibilityVersion = "Xcode 9.3";
			developmentRegion = en;
			hasScannedForEncodings = 0;
			knownRegions = (
				en,
				Base,
			);
			mainGroup = 0848FAE1226F07DD0089B11D;
			productRefGroup = 0848FAEB226F07DD0089B11D /* Products */;
			projectDirPath = "";
			projectRoot = "";
			targets = (
				0848FAE9226F07DD0089B11D /* TyrellCorp */,
			);
		};
/* End PBXProject section */

/* Begin PBXResourcesBuildPhase section */
		0848FAE8226F07DD0089B11D /* Resources */ = {
			isa = PBXResourcesBuildPhase;
			buildActionMask = 2147483647;
			files = (
				0848FAF8226F07DF0089B11D /* LaunchScreen.storyboard in Resources */,
				0848FB16226F235F0089B11D /* scripts.js in Resources */,
				0848FB13226F235F0089B11D /* tyrellLogo.jpg in Resources */,
				0848FB1A226F23710089B11D /* testScripts.js in Resources */,
				0848FB12226F235F0089B11D /* style.css in Resources */,
				0848FB1C226F23710089B11D /* test.html in Resources */,
				0848FAF5226F07DF0089B11D /* Assets.xcassets in Resources */,
				0848FB11226F235F0089B11D /* sign.html in Resources */,
				0848FB1B226F23710089B11D /* testStyle.css in Resources */,
				0848FAF3226F07DD0089B11D /* Main.storyboard in Resources */,
			);
			runOnlyForDeploymentPostprocessing = 0;
		};
/* End PBXResourcesBuildPhase section */

/* Begin PBXSourcesBuildPhase section */
		0848FAE6226F07DD0089B11D /* Sources */ = {
			isa = PBXSourcesBuildPhase;
			buildActionMask = 2147483647;
			files = (
				0848FAF0226F07DD0089B11D /* SignViewController.swift in Sources */,
				0848FB22226F63650089B11D /* MainMenuViewController.swift in Sources */,
				0878A0102270B67600AAADF3 /* TestViewController.swift in Sources */,
				0848FAEE226F07DD0089B11D /* AppDelegate.swift in Sources */,
				0848FB1E226F42150089B11D /* IO.swift in Sources */,
				0848FB20226F60580089B11D /* constants.swift in Sources */,
				0848FB24227063660089B11D /* UI.swift in Sources */,
				0878A0122271B3F900AAADF3 /* protocols.swift in Sources */,
			);
			runOnlyForDeploymentPostprocessing = 0;
		};
/* End PBXSourcesBuildPhase section */

/* Begin PBXVariantGroup section */
		0848FAF1226F07DD0089B11D /* Main.storyboard */ = {
			isa = PBXVariantGroup;
			children = (
				0848FAF2226F07DD0089B11D /* Base */,
			);
			name = Main.storyboard;
			sourceTree = "<group>";
		};
		0848FAF6226F07DF0089B11D /* LaunchScreen.storyboard */ = {
			isa = PBXVariantGroup;
			children = (
				0848FAF7226F07DF0089B11D /* Base */,
			);
			name = LaunchScreen.storyboard;
			sourceTree = "<group>";
		};
/* End PBXVariantGroup section */

/* Begin XCBuildConfiguration section */
		0848FAFA226F07DF0089B11D /* Debug */ = {
			isa = XCBuildConfiguration;
			buildSettings = {
				ALWAYS_SEARCH_USER_PATHS = NO;
				CLANG_ANALYZER_NONNULL = YES;
				CLANG_ANALYZER_NUMBER_OBJECT_CONVERSION = YES_AGGRESSIVE;
				CLANG_CXX_LANGUAGE_STANDARD = "gnu++14";
				CLANG_CXX_LIBRARY = "libc++";
				CLANG_ENABLE_MODULES = YES;
				CLANG_ENABLE_OBJC_ARC = YES;
				CLANG_ENABLE_OBJC_WEAK = YES;
				CLANG_WARN_BLOCK_CAPTURE_AUTORELEASING = YES;
				CLANG_WARN_BOOL_CONVERSION = YES;
				CLANG_WARN_COMMA = YES;
				CLANG_WARN_CONSTANT_CONVERSION = YES;
				CLANG_WARN_DEPRECATED_OBJC_IMPLEMENTATIONS = YES;
				CLANG_WARN_DIRECT_OBJC_ISA_USAGE = YES_ERROR;
				CLANG_WARN_DOCUMENTATION_COMMENTS = YES;
				CLANG_WARN_EMPTY_BODY = YES;
				CLANG_WARN_ENUM_CONVERSION = YES;
				CLANG_WARN_INFINITE_RECURSION = YES;
				CLANG_WARN_INT_CONVERSION = YES;
				CLANG_WARN_NON_LITERAL_NULL_CONVERSION = YES;
				CLANG_WARN_OBJC_IMPLICIT_RETAIN_SELF = YES;
				CLANG_WARN_OBJC_LITERAL_CONVERSION = YES;
				CLANG_WARN_OBJC_ROOT_CLASS = YES_ERROR;
				CLANG_WARN_RANGE_LOOP_ANALYSIS = YES;
				CLANG_WARN_STRICT_PROTOTYPES = YES;
				CLANG_WARN_SUSPICIOUS_MOVE = YES;
				CLANG_WARN_UNGUARDED_AVAILABILITY = YES_AGGRESSIVE;
				CLANG_WARN_UNREACHABLE_CODE = YES;
				CLANG_WARN__DUPLICATE_METHOD_MATCH = YES;
				CODE_SIGN_IDENTITY = "iPhone Developer";
				COPY_PHASE_STRIP = NO;
				DEBUG_INFORMATION_FORMAT = dwarf;
				ENABLE_STRICT_OBJC_MSGSEND = YES;
				ENABLE_TESTABILITY = YES;
				GCC_C_LANGUAGE_STANDARD = gnu11;
				GCC_DYNAMIC_NO_PIC = NO;
				GCC_NO_COMMON_BLOCKS = YES;
				GCC_OPTIMIZATION_LEVEL = 0;
				GCC_PREPROCESSOR_DEFINITIONS = (
					"DEBUG=1",
					"$(inherited)",
				);
				GCC_WARN_64_TO_32_BIT_CONVERSION = YES;
				GCC_WARN_ABOUT_RETURN_TYPE = YES_ERROR;
				GCC_WARN_UNDECLARED_SELECTOR = YES;
				GCC_WARN_UNINITIALIZED_AUTOS = YES_AGGRESSIVE;
				GCC_WARN_UNUSED_FUNCTION = YES;
				GCC_WARN_UNUSED_VARIABLE = YES;
				IPHONEOS_DEPLOYMENT_TARGET = 12.2;
				MTL_ENABLE_DEBUG_INFO = INCLUDE_SOURCE;
				MTL_FAST_MATH = YES;
				ONLY_ACTIVE_ARCH = YES;
				SDKROOT = iphoneos;
				SWIFT_ACTIVE_COMPILATION_CONDITIONS = DEBUG;
				SWIFT_OPTIMIZATION_LEVEL = "-Onone";
			};
			name = Debug;
		};
		0848FAFB226F07DF0089B11D /* Release */ = {
			isa = XCBuildConfiguration;
			buildSettings = {
				ALWAYS_SEARCH_USER_PATHS = NO;
				CLANG_ANALYZER_NONNULL = YES;
				CLANG_ANALYZER_NUMBER_OBJECT_CONVERSION = YES_AGGRESSIVE;
				CLANG_CXX_LANGUAGE_STANDARD = "gnu++14";
				CLANG_CXX_LIBRARY = "libc++";
				CLANG_ENABLE_MODULES = YES;
				CLANG_ENABLE_OBJC_ARC = YES;
				CLANG_ENABLE_OBJC_WEAK = YES;
				CLANG_WARN_BLOCK_CAPTURE_AUTORELEASING = YES;
				CLANG_WARN_BOOL_CONVERSION = YES;
				CLANG_WARN_COMMA = YES;
				CLANG_WARN_CONSTANT_CONVERSION = YES;
				CLANG_WARN_DEPRECATED_OBJC_IMPLEMENTATIONS = YES;
				CLANG_WARN_DIRECT_OBJC_ISA_USAGE = YES_ERROR;
				CLANG_WARN_DOCUMENTATION_COMMENTS = YES;
				CLANG_WARN_EMPTY_BODY = YES;
				CLANG_WARN_ENUM_CONVERSION = YES;
				CLANG_WARN_INFINITE_RECURSION = YES;
				CLANG_WARN_INT_CONVERSION = YES;
				CLANG_WARN_NON_LITERAL_NULL_CONVERSION = YES;
				CLANG_WARN_OBJC_IMPLICIT_RETAIN_SELF = YES;
				CLANG_WARN_OBJC_LITERAL_CONVERSION = YES;
				CLANG_WARN_OBJC_ROOT_CLASS = YES_ERROR;
				CLANG_WARN_RANGE_LOOP_ANALYSIS = YES;
				CLANG_WARN_STRICT_PROTOTYPES = YES;
				CLANG_WARN_SUSPICIOUS_MOVE = YES;
				CLANG_WARN_UNGUARDED_AVAILABILITY = YES_AGGRESSIVE;
				CLANG_WARN_UNREACHABLE_CODE = YES;
				CLANG_WARN__DUPLICATE_METHOD_MATCH = YES;
				CODE_SIGN_IDENTITY = "iPhone Developer";
				COPY_PHASE_STRIP = NO;
				DEBUG_INFORMATION_FORMAT = "dwarf-with-dsym";
				ENABLE_NS_ASSERTIONS = NO;
				ENABLE_STRICT_OBJC_MSGSEND = YES;
				GCC_C_LANGUAGE_STANDARD = gnu11;
				GCC_NO_COMMON_BLOCKS = YES;
				GCC_WARN_64_TO_32_BIT_CONVERSION = YES;
				GCC_WARN_ABOUT_RETURN_TYPE = YES_ERROR;
				GCC_WARN_UNDECLARED_SELECTOR = YES;
				GCC_WARN_UNINITIALIZED_AUTOS = YES_AGGRESSIVE;
				GCC_WARN_UNUSED_FUNCTION = YES;
				GCC_WARN_UNUSED_VARIABLE = YES;
				IPHONEOS_DEPLOYMENT_TARGET = 12.2;
				MTL_ENABLE_DEBUG_INFO = NO;
				MTL_FAST_MATH = YES;
				SDKROOT = iphoneos;
				SWIFT_COMPILATION_MODE = wholemodule;
				SWIFT_OPTIMIZATION_LEVEL = "-O";
				VALIDATE_PRODUCT = YES;
			};
			name = Release;
		};
		0848FAFD226F07DF0089B11D /* Debug */ = {
			isa = XCBuildConfiguration;
			buildSettings = {
				ASSETCATALOG_COMPILER_APPICON_NAME = AppIcon;
				CODE_SIGN_STYLE = Automatic;
				DEVELOPMENT_TEAM = WH46F52843;
				INFOPLIST_FILE = TyrellCorp/Info.plist;
				LD_RUNPATH_SEARCH_PATHS = (
					"$(inherited)",
					"@executable_path/Frameworks",
				);
				PRODUCT_BUNDLE_IDENTIFIER = com.wipro.TyrellCorp;
				PRODUCT_NAME = "$(TARGET_NAME)";
				SWIFT_VERSION = 5.0;
				TARGETED_DEVICE_FAMILY = "1,2";
			};
			name = Debug;
		};
		0848FAFE226F07DF0089B11D /* Release */ = {
			isa = XCBuildConfiguration;
			buildSettings = {
				ASSETCATALOG_COMPILER_APPICON_NAME = AppIcon;
				CODE_SIGN_STYLE = Automatic;
				DEVELOPMENT_TEAM = WH46F52843;
				INFOPLIST_FILE = TyrellCorp/Info.plist;
				LD_RUNPATH_SEARCH_PATHS = (
					"$(inherited)",
					"@executable_path/Frameworks",
				);
				PRODUCT_BUNDLE_IDENTIFIER = com.wipro.TyrellCorp;
				PRODUCT_NAME = "$(TARGET_NAME)";
				SWIFT_VERSION = 5.0;
				TARGETED_DEVICE_FAMILY = "1,2";
			};
			name = Release;
		};
/* End XCBuildConfiguration section */

/* Begin XCConfigurationList section */
		0848FAE5226F07DD0089B11D /* Build configuration list for PBXProject "TyrellCorp" */ = {
			isa = XCConfigurationList;
			buildConfigurations = (
				0848FAFA226F07DF0089B11D /* Debug */,
				0848FAFB226F07DF0089B11D /* Release */,
			);
			defaultConfigurationIsVisible = 0;
			defaultConfigurationName = Release;
		};
		0848FAFC226F07DF0089B11D /* Build configuration list for PBXNativeTarget "TyrellCorp" */ = {
			isa = XCConfigurationList;
			buildConfigurations = (
				0848FAFD226F07DF0089B11D /* Debug */,
				0848FAFE226F07DF0089B11D /* Release */,
			);
			defaultConfigurationIsVisible = 0;
			defaultConfigurationName = Release;
		};
/* End XCConfigurationList section */
	};
	rootObject = 0848FAE2226F07DD0089B11D /* Project object */;
}
